// !$*UTF8*$!
{
	archiveVersion = 1;
	classes = {
	};
	objectVersion = 50;
	objects = {

/* Begin PBXBuildFile section */
		FA529A5724730ACD0077AAD7 /* AppDelegate.swift in Sources */ = {isa = PBXBuildFile; fileRef = FA529A5624730ACD0077AAD7 /* AppDelegate.swift */; };
		FA529A5924730ACD0077AAD7 /* SceneDelegate.swift in Sources */ = {isa = PBXBuildFile; fileRef = FA529A5824730ACD0077AAD7 /* SceneDelegate.swift */; };
		FA529A5B24730ACD0077AAD7 /* ViewController.swift in Sources */ = {isa = PBXBuildFile; fileRef = FA529A5A24730ACD0077AAD7 /* ViewController.swift */; };
		FA529A5E24730ACD0077AAD7 /* Main.storyboard in Resources */ = {isa = PBXBuildFile; fileRef = FA529A5C24730ACD0077AAD7 /* Main.storyboard */; };
		FA529A6024730ACE0077AAD7 /* Assets.xcassets in Resources */ = {isa = PBXBuildFile; fileRef = FA529A5F24730ACE0077AAD7 /* Assets.xcassets */; };
		FA529A6324730ACE0077AAD7 /* LaunchScreen.storyboard in Resources */ = {isa = PBXBuildFile; fileRef = FA529A6124730ACE0077AAD7 /* LaunchScreen.storyboard */; };
		FA529A6E24730ACE0077AAD7 /* VirtualTouristTests.swift in Sources */ = {isa = PBXBuildFile; fileRef = FA529A6D24730ACE0077AAD7 /* VirtualTouristTests.swift */; };
		FA529A7924730ACE0077AAD7 /* VirtualTouristUITests.swift in Sources */ = {isa = PBXBuildFile; fileRef = FA529A7824730ACE0077AAD7 /* VirtualTouristUITests.swift */; };
/* End PBXBuildFile section */

/* Begin PBXContainerItemProxy section */
		FA529A6A24730ACE0077AAD7 /* PBXContainerItemProxy */ = {
			isa = PBXContainerItemProxy;
			containerPortal = FA529A4B24730ACD0077AAD7 /* Project object */;
			proxyType = 1;
			remoteGlobalIDString = FA529A5224730ACD0077AAD7;
			remoteInfo = VirtualTourist;
		};
		FA529A7524730ACE0077AAD7 /* PBXContainerItemProxy */ = {
			isa = PBXContainerItemProxy;
			containerPortal = FA529A4B24730ACD0077AAD7 /* Project object */;
			proxyType = 1;
			remoteGlobalIDString = FA529A5224730ACD0077AAD7;
			remoteInfo = VirtualTourist;
		};
/* End PBXContainerItemProxy section */

/* Begin PBXFileReference section */
		FA529A5324730ACD0077AAD7 /* VirtualTourist.app */ = {isa = PBXFileReference; explicitFileType = wrapper.application; includeInIndex = 0; path = VirtualTourist.app; sourceTree = BUILT_PRODUCTS_DIR; };
		FA529A5624730ACD0077AAD7 /* AppDelegate.swift */ = {isa = PBXFileReference; lastKnownFileType = sourcecode.swift; path = AppDelegate.swift; sourceTree = "<group>"; };
		FA529A5824730ACD0077AAD7 /* SceneDelegate.swift */ = {isa = PBXFileReference; lastKnownFileType = sourcecode.swift; path = SceneDelegate.swift; sourceTree = "<group>"; };
		FA529A5A24730ACD0077AAD7 /* ViewController.swift */ = {isa = PBXFileReference; lastKnownFileType = sourcecode.swift; path = ViewController.swift; sourceTree = "<group>"; };
		FA529A5D24730ACD0077AAD7 /* Base */ = {isa = PBXFileReference; lastKnownFileType = file.storyboard; name = Base; path = Base.lproj/Main.storyboard; sourceTree = "<group>"; };
		FA529A5F24730ACE0077AAD7 /* Assets.xcassets */ = {isa = PBXFileReference; lastKnownFileType = folder.assetcatalog; path = Assets.xcassets; sourceTree = "<group>"; };
		FA529A6224730ACE0077AAD7 /* Base */ = {isa = PBXFileReference; lastKnownFileType = file.storyboard; name = Base; path = Base.lproj/LaunchScreen.storyboard; sourceTree = "<group>"; };
		FA529A6424730ACE0077AAD7 /* Info.plist */ = {isa = PBXFileReference; lastKnownFileType = text.plist.xml; path = Info.plist; sourceTree = "<group>"; };
		FA529A6924730ACE0077AAD7 /* VirtualTouristTests.xctest */ = {isa = PBXFileReference; explicitFileType = wrapper.cfbundle; includeInIndex = 0; path = VirtualTouristTests.xctest; sourceTree = BUILT_PRODUCTS_DIR; };
		FA529A6D24730ACE0077AAD7 /* VirtualTouristTests.swift */ = {isa = PBXFileReference; lastKnownFileType = sourcecode.swift; path = VirtualTouristTests.swift; sourceTree = "<group>"; };
		FA529A6F24730ACE0077AAD7 /* Info.plist */ = {isa = PBXFileReference; lastKnownFileType = text.plist.xml; path = Info.plist; sourceTree = "<group>"; };
		FA529A7424730ACE0077AAD7 /* VirtualTouristUITests.xctest */ = {isa = PBXFileReference; explicitFileType = wrapper.cfbundle; includeInIndex = 0; path = VirtualTouristUITests.xctest; sourceTree = BUILT_PRODUCTS_DIR; };
		FA529A7824730ACE0077AAD7 /* VirtualTouristUITests.swift */ = {isa = PBXFileReference; lastKnownFileType = sourcecode.swift; path = VirtualTouristUITests.swift; sourceTree = "<group>"; };
		FA529A7A24730ACE0077AAD7 /* Info.plist */ = {isa = PBXFileReference; lastKnownFileType = text.plist.xml; path = Info.plist; sourceTree = "<group>"; };
/* End PBXFileReference section */

/* Begin PBXFrameworksBuildPhase section */
		FA529A5024730ACD0077AAD7 /* Frameworks */ = {
			isa = PBXFrameworksBuildPhase;
			buildActionMask = 2147483647;
			files = (
			);
			runOnlyForDeploymentPostprocessing = 0;
		};
		FA529A6624730ACE0077AAD7 /* Frameworks */ = {
			isa = PBXFrameworksBuildPhase;
			buildActionMask = 2147483647;
			files = (
			);
			runOnlyForDeploymentPostprocessing = 0;
		};
		FA529A7124730ACE0077AAD7 /* Frameworks */ = {
			isa = PBXFrameworksBuildPhase;
			buildActionMask = 2147483647;
			files = (
			);
			runOnlyForDeploymentPostprocessing = 0;
		};
/* End PBXFrameworksBuildPhase section */

/* Begin PBXGroup section */
		FA529A4A24730ACD0077AAD7 = {
			isa = PBXGroup;
			children = (
				FA529A8824730B8C0077AAD7 /* Controller */,
				FA529A8724730B760077AAD7 /* Model */,
				FA529A8624730B240077AAD7 /* View */,
				FA529A5524730ACD0077AAD7 /* VirtualTourist */,
				FA529A6C24730ACE0077AAD7 /* VirtualTouristTests */,
				FA529A7724730ACE0077AAD7 /* VirtualTouristUITests */,
				FA529A5424730ACD0077AAD7 /* Products */,
			);
			sourceTree = "<group>";
		};
		FA529A5424730ACD0077AAD7 /* Products */ = {
			isa = PBXGroup;
			children = (
				FA529A5324730ACD0077AAD7 /* VirtualTourist.app */,
				FA529A6924730ACE0077AAD7 /* VirtualTouristTests.xctest */,
				FA529A7424730ACE0077AAD7 /* VirtualTouristUITests.xctest */,
			);
			name = Products;
			sourceTree = "<group>";
		};
		FA529A5524730ACD0077AAD7 /* VirtualTourist */ = {
			isa = PBXGroup;
			children = (
				FA529A5624730ACD0077AAD7 /* AppDelegate.swift */,
				FA529A5824730ACD0077AAD7 /* SceneDelegate.swift */,
				FA529A5A24730ACD0077AAD7 /* ViewController.swift */,
				FA529A5C24730ACD0077AAD7 /* Main.storyboard */,
				FA529A5F24730ACE0077AAD7 /* Assets.xcassets */,
				FA529A6124730ACE0077AAD7 /* LaunchScreen.storyboard */,
				FA529A6424730ACE0077AAD7 /* Info.plist */,
			);
			path = VirtualTourist;
			sourceTree = "<group>";
		};
		FA529A6C24730ACE0077AAD7 /* VirtualTouristTests */ = {
			isa = PBXGroup;
			children = (
				FA529A6D24730ACE0077AAD7 /* VirtualTouristTests.swift */,
				FA529A6F24730ACE0077AAD7 /* Info.plist */,
			);
			path = VirtualTouristTests;
			sourceTree = "<group>";
		};
		FA529A7724730ACE0077AAD7 /* VirtualTouristUITests */ = {
			isa = PBXGroup;
			children = (
				FA529A7824730ACE0077AAD7 /* VirtualTouristUITests.swift */,
				FA529A7A24730ACE0077AAD7 /* Info.plist */,
			);
			path = VirtualTouristUITests;
			sourceTree = "<group>";
		};
		FA529A8624730B240077AAD7 /* View */ = {
			isa = PBXGroup;
			children = (
			);
			path = View;
			sourceTree = "<group>";
		};
		FA529A8724730B760077AAD7 /* Model */ = {
			isa = PBXGroup;
			children = (
			);
			path = Model;
			sourceTree = "<group>";
		};
		FA529A8824730B8C0077AAD7 /* Controller */ = {
			isa = PBXGroup;
			children = (
			);
			path = Controller;
			sourceTree = "<group>";
		};
/* End PBXGroup section */

/* Begin PBXNativeTarget section */
		FA529A5224730ACD0077AAD7 /* VirtualTourist */ = {
			isa = PBXNativeTarget;
			buildConfigurationList = FA529A7D24730ACF0077AAD7 /* Build configuration list for PBXNativeTarget "VirtualTourist" */;
			buildPhases = (
				FA529A4F24730ACD0077AAD7 /* Sources */,
				FA529A5024730ACD0077AAD7 /* Frameworks */,
				FA529A5124730ACD0077AAD7 /* Resources */,
			);
			buildRules = (
			);
			dependencies = (
			);
			name = VirtualTourist;
			productName = VirtualTourist;
			productReference = FA529A5324730ACD0077AAD7 /* VirtualTourist.app */;
			productType = "com.apple.product-type.application";
		};
		FA529A6824730ACE0077AAD7 /* VirtualTouristTests */ = {
			isa = PBXNativeTarget;
			buildConfigurationList = FA529A8024730ACF0077AAD7 /* Build configuration list for PBXNativeTarget "VirtualTouristTests" */;
			buildPhases = (
				FA529A6524730ACE0077AAD7 /* Sources */,
				FA529A6624730ACE0077AAD7 /* Frameworks */,
				FA529A6724730ACE0077AAD7 /* Resources */,
			);
			buildRules = (
			);
			dependencies = (
				FA529A6B24730ACE0077AAD7 /* PBXTargetDependency */,
			);
			name = VirtualTouristTests;
			productName = VirtualTouristTests;
			productReference = FA529A6924730ACE0077AAD7 /* VirtualTouristTests.xctest */;
			productType = "com.apple.product-type.bundle.unit-test";
		};
		FA529A7324730ACE0077AAD7 /* VirtualTouristUITests */ = {
			isa = PBXNativeTarget;
			buildConfigurationList = FA529A8324730ACF0077AAD7 /* Build configuration list for PBXNativeTarget "VirtualTouristUITests" */;
			buildPhases = (
				FA529A7024730ACE0077AAD7 /* Sources */,
				FA529A7124730ACE0077AAD7 /* Frameworks */,
				FA529A7224730ACE0077AAD7 /* Resources */,
			);
			buildRules = (
			);
			dependencies = (
				FA529A7624730ACE0077AAD7 /* PBXTargetDependency */,
			);
			name = VirtualTouristUITests;
			productName = VirtualTouristUITests;
			productReference = FA529A7424730ACE0077AAD7 /* VirtualTouristUITests.xctest */;
			productType = "com.apple.product-type.bundle.ui-testing";
		};
/* End PBXNativeTarget section */

/* Begin PBXProject section */
		FA529A4B24730ACD0077AAD7 /* Project object */ = {
			isa = PBXProject;
			attributes = {
				LastSwiftUpdateCheck = 1130;
				LastUpgradeCheck = 1130;
				ORGANIZATIONNAME = "Jan Gundorf";
				TargetAttributes = {
					FA529A5224730ACD0077AAD7 = {
						CreatedOnToolsVersion = 11.3;
					};
					FA529A6824730ACE0077AAD7 = {
						CreatedOnToolsVersion = 11.3;
						TestTargetID = FA529A5224730ACD0077AAD7;
					};
					FA529A7324730ACE0077AAD7 = {
						CreatedOnToolsVersion = 11.3;
						TestTargetID = FA529A5224730ACD0077AAD7;
					};
				};
			};
			buildConfigurationList = FA529A4E24730ACD0077AAD7 /* Build configuration list for PBXProject "VirtualTourist" */;
			compatibilityVersion = "Xcode 9.3";
			developmentRegion = en;
			hasScannedForEncodings = 0;
			knownRegions = (
				en,
				Base,
			);
			mainGroup = FA529A4A24730ACD0077AAD7;
			productRefGroup = FA529A5424730ACD0077AAD7 /* Products */;
			projectDirPath = "";
			projectRoot = "";
			targets = (
				FA529A5224730ACD0077AAD7 /* VirtualTourist */,
				FA529A6824730ACE0077AAD7 /* VirtualTouristTests */,
				FA529A7324730ACE0077AAD7 /* VirtualTouristUITests */,
			);
		};
/* End PBXProject section */

/* Begin PBXResourcesBuildPhase section */
		FA529A5124730ACD0077AAD7 /* Resources */ = {
			isa = PBXResourcesBuildPhase;
			buildActionMask = 2147483647;
			files = (
				FA529A6324730ACE0077AAD7 /* LaunchScreen.storyboard in Resources */,
				FA529A6024730ACE0077AAD7 /* Assets.xcassets in Resources */,
				FA529A5E24730ACD0077AAD7 /* Main.storyboard in Resources */,
			);
			runOnlyForDeploymentPostprocessing = 0;
		};
		FA529A6724730ACE0077AAD7 /* Resources */ = {
			isa = PBXResourcesBuildPhase;
			buildActionMask = 2147483647;
			files = (
			);
			runOnlyForDeploymentPostprocessing = 0;
		};
		FA529A7224730ACE0077AAD7 /* Resources */ = {
			isa = PBXResourcesBuildPhase;
			buildActionMask = 2147483647;
			files = (
			);
			runOnlyForDeploymentPostprocessing = 0;
		};
/* End PBXResourcesBuildPhase section */

/* Begin PBXSourcesBuildPhase section */
		FA529A4F24730ACD0077AAD7 /* Sources */ = {
			isa = PBXSourcesBuildPhase;
			buildActionMask = 2147483647;
			files = (
				FA529A5B24730ACD0077AAD7 /* ViewController.swift in Sources */,
				FA529A5724730ACD0077AAD7 /* AppDelegate.swift in Sources */,
				FA529A5924730ACD0077AAD7 /* SceneDelegate.swift in Sources */,
			);
			runOnlyForDeploymentPostprocessing = 0;
		};
		FA529A6524730ACE0077AAD7 /* Sources */ = {
			isa = PBXSourcesBuildPhase;
			buildActionMask = 2147483647;
			files = (
				FA529A6E24730ACE0077AAD7 /* VirtualTouristTests.swift in Sources */,
			);
			runOnlyForDeploymentPostprocessing = 0;
		};
		FA529A7024730ACE0077AAD7 /* Sources */ = {
			isa = PBXSourcesBuildPhase;
			buildActionMask = 2147483647;
			files = (
				FA529A7924730ACE0077AAD7 /* VirtualTouristUITests.swift in Sources */,
			);
			runOnlyForDeploymentPostprocessing = 0;
		};
/* End PBXSourcesBuildPhase section */

/* Begin PBXTargetDependency section */
		FA529A6B24730ACE0077AAD7 /* PBXTargetDependency */ = {
			isa = PBXTargetDependency;
			target = FA529A5224730ACD0077AAD7 /* VirtualTourist */;
			targetProxy = FA529A6A24730ACE0077AAD7 /* PBXContainerItemProxy */;
		};
		FA529A7624730ACE0077AAD7 /* PBXTargetDependency */ = {
			isa = PBXTargetDependency;
			target = FA529A5224730ACD0077AAD7 /* VirtualTourist */;
			targetProxy = FA529A7524730ACE0077AAD7 /* PBXContainerItemProxy */;
		};
/* End PBXTargetDependency section */

/* Begin PBXVariantGroup section */
		FA529A5C24730ACD0077AAD7 /* Main.storyboard */ = {
			isa = PBXVariantGroup;
			children = (
				FA529A5D24730ACD0077AAD7 /* Base */,
			);
			name = Main.storyboard;
			sourceTree = "<group>";
		};
		FA529A6124730ACE0077AAD7 /* LaunchScreen.storyboard */ = {
			isa = PBXVariantGroup;
			children = (
				FA529A6224730ACE0077AAD7 /* Base */,
			);
			name = LaunchScreen.storyboard;
			sourceTree = "<group>";
		};
/* End PBXVariantGroup section */

/* Begin XCBuildConfiguration section */
		FA529A7B24730ACF0077AAD7 /* Debug */ = {
			isa = XCBuildConfiguration;
			buildSettings = {
				ALWAYS_SEARCH_USER_PATHS = NO;
				CLANG_ANALYZER_NONNULL = YES;
				CLANG_ANALYZER_NUMBER_OBJECT_CONVERSION = YES_AGGRESSIVE;
				CLANG_CXX_LANGUAGE_STANDARD = "gnu++14";
				CLANG_CXX_LIBRARY = "libc++";
				CLANG_ENABLE_MODULES = YES;
				CLANG_ENABLE_OBJC_ARC = YES;
				CLANG_ENABLE_OBJC_WEAK = YES;
				CLANG_WARN_BLOCK_CAPTURE_AUTORELEASING = YES;
				CLANG_WARN_BOOL_CONVERSION = YES;
				CLANG_WARN_COMMA = YES;
				CLANG_WARN_CONSTANT_CONVERSION = YES;
				CLANG_WARN_DEPRECATED_OBJC_IMPLEMENTATIONS = YES;
				CLANG_WARN_DIRECT_OBJC_ISA_USAGE = YES_ERROR;
				CLANG_WARN_DOCUMENTATION_COMMENTS = YES;
				CLANG_WARN_EMPTY_BODY = YES;
				CLANG_WARN_ENUM_CONVERSION = YES;
				CLANG_WARN_INFINITE_RECURSION = YES;
				CLANG_WARN_INT_CONVERSION = YES;
				CLANG_WARN_NON_LITERAL_NULL_CONVERSION = YES;
				CLANG_WARN_OBJC_IMPLICIT_RETAIN_SELF = YES;
				CLANG_WARN_OBJC_LITERAL_CONVERSION = YES;
				CLANG_WARN_OBJC_ROOT_CLASS = YES_ERROR;
				CLANG_WARN_RANGE_LOOP_ANALYSIS = YES;
				CLANG_WARN_STRICT_PROTOTYPES = YES;
				CLANG_WARN_SUSPICIOUS_MOVE = YES;
				CLANG_WARN_UNGUARDED_AVAILABILITY = YES_AGGRESSIVE;
				CLANG_WARN_UNREACHABLE_CODE = YES;
				CLANG_WARN__DUPLICATE_METHOD_MATCH = YES;
				COPY_PHASE_STRIP = NO;
				DEBUG_INFORMATION_FORMAT = dwarf;
				ENABLE_STRICT_OBJC_MSGSEND = YES;
				ENABLE_TESTABILITY = YES;
				GCC_C_LANGUAGE_STANDARD = gnu11;
				GCC_DYNAMIC_NO_PIC = NO;
				GCC_NO_COMMON_BLOCKS = YES;
				GCC_OPTIMIZATION_LEVEL = 0;
				GCC_PREPROCESSOR_DEFINITIONS = (
					"DEBUG=1",
					"$(inherited)",
				);
				GCC_WARN_64_TO_32_BIT_CONVERSION = YES;
				GCC_WARN_ABOUT_RETURN_TYPE = YES_ERROR;
				GCC_WARN_UNDECLARED_SELECTOR = YES;
				GCC_WARN_UNINITIALIZED_AUTOS = YES_AGGRESSIVE;
				GCC_WARN_UNUSED_FUNCTION = YES;
				GCC_WARN_UNUSED_VARIABLE = YES;
				IPHONEOS_DEPLOYMENT_TARGET = 13.2;
				MTL_ENABLE_DEBUG_INFO = INCLUDE_SOURCE;
				MTL_FAST_MATH = YES;
				ONLY_ACTIVE_ARCH = YES;
				SDKROOT = iphoneos;
				SWIFT_ACTIVE_COMPILATION_CONDITIONS = DEBUG;
				SWIFT_OPTIMIZATION_LEVEL = "-Onone";
			};
			name = Debug;
		};
		FA529A7C24730ACF0077AAD7 /* Release */ = {
			isa = XCBuildConfiguration;
			buildSettings = {
				ALWAYS_SEARCH_USER_PATHS = NO;
				CLANG_ANALYZER_NONNULL = YES;
				CLANG_ANALYZER_NUMBER_OBJECT_CONVERSION = YES_AGGRESSIVE;
				CLANG_CXX_LANGUAGE_STANDARD = "gnu++14";
				CLANG_CXX_LIBRARY = "libc++";
				CLANG_ENABLE_MODULES = YES;
				CLANG_ENABLE_OBJC_ARC = YES;
				CLANG_ENABLE_OBJC_WEAK = YES;
				CLANG_WARN_BLOCK_CAPTURE_AUTORELEASING = YES;
				CLANG_WARN_BOOL_CONVERSION = YES;
				CLANG_WARN_COMMA = YES;
				CLANG_WARN_CONSTANT_CONVERSION = YES;
				CLANG_WARN_DEPRECATED_OBJC_IMPLEMENTATIONS = YES;
				CLANG_WARN_DIRECT_OBJC_ISA_USAGE = YES_ERROR;
				CLANG_WARN_DOCUMENTATION_COMMENTS = YES;
				CLANG_WARN_EMPTY_BODY = YES;
				CLANG_WARN_ENUM_CONVERSION = YES;
				CLANG_WARN_INFINITE_RECURSION = YES;
				CLANG_WARN_INT_CONVERSION = YES;
				CLANG_WARN_NON_LITERAL_NULL_CONVERSION = YES;
				CLANG_WARN_OBJC_IMPLICIT_RETAIN_SELF = YES;
				CLANG_WARN_OBJC_LITERAL_CONVERSION = YES;
				CLANG_WARN_OBJC_ROOT_CLASS = YES_ERROR;
				CLANG_WARN_RANGE_LOOP_ANALYSIS = YES;
				CLANG_WARN_STRICT_PROTOTYPES = YES;
				CLANG_WARN_SUSPICIOUS_MOVE = YES;
				CLANG_WARN_UNGUARDED_AVAILABILITY = YES_AGGRESSIVE;
				CLANG_WARN_UNREACHABLE_CODE = YES;
				CLANG_WARN__DUPLICATE_METHOD_MATCH = YES;
				COPY_PHASE_STRIP = NO;
				DEBUG_INFORMATION_FORMAT = "dwarf-with-dsym";
				ENABLE_NS_ASSERTIONS = NO;
				ENABLE_STRICT_OBJC_MSGSEND = YES;
				GCC_C_LANGUAGE_STANDARD = gnu11;
				GCC_NO_COMMON_BLOCKS = YES;
				GCC_WARN_64_TO_32_BIT_CONVERSION = YES;
				GCC_WARN_ABOUT_RETURN_TYPE = YES_ERROR;
				GCC_WARN_UNDECLARED_SELECTOR = YES;
				GCC_WARN_UNINITIALIZED_AUTOS = YES_AGGRESSIVE;
				GCC_WARN_UNUSED_FUNCTION = YES;
				GCC_WARN_UNUSED_VARIABLE = YES;
				IPHONEOS_DEPLOYMENT_TARGET = 13.2;
				MTL_ENABLE_DEBUG_INFO = NO;
				MTL_FAST_MATH = YES;
				SDKROOT = iphoneos;
				SWIFT_COMPILATION_MODE = wholemodule;
				SWIFT_OPTIMIZATION_LEVEL = "-O";
				VALIDATE_PRODUCT = YES;
			};
			name = Release;
		};
		FA529A7E24730ACF0077AAD7 /* Debug */ = {
			isa = XCBuildConfiguration;
			buildSettings = {
				ASSETCATALOG_COMPILER_APPICON_NAME = AppIcon;
				CODE_SIGN_STYLE = Automatic;
				DEVELOPMENT_TEAM = V5W84K68NZ;
				INFOPLIST_FILE = VirtualTourist/Info.plist;
				LD_RUNPATH_SEARCH_PATHS = (
					"$(inherited)",
					"@executable_path/Frameworks",
				);
				PRODUCT_BUNDLE_IDENTIFIER = dk.gnresound.gandalf.rs.VirtualTourist;
				PRODUCT_NAME = "$(TARGET_NAME)";
				SWIFT_VERSION = 5.0;
				TARGETED_DEVICE_FAMILY = 1;
			};
			name = Debug;
		};
		FA529A7F24730ACF0077AAD7 /* Release */ = {
			isa = XCBuildConfiguration;
			buildSettings = {
				ASSETCATALOG_COMPILER_APPICON_NAME = AppIcon;
				CODE_SIGN_STYLE = Automatic;
				DEVELOPMENT_TEAM = V5W84K68NZ;
				INFOPLIST_FILE = VirtualTourist/Info.plist;
				LD_RUNPATH_SEARCH_PATHS = (
					"$(inherited)",
					"@executable_path/Frameworks",
				);
				PRODUCT_BUNDLE_IDENTIFIER = dk.gnresound.gandalf.rs.VirtualTourist;
				PRODUCT_NAME = "$(TARGET_NAME)";
				SWIFT_VERSION = 5.0;
				TARGETED_DEVICE_FAMILY = 1;
			};
			name = Release;
		};
		FA529A8124730ACF0077AAD7 /* Debug */ = {
			isa = XCBuildConfiguration;
			buildSettings = {
				ALWAYS_EMBED_SWIFT_STANDARD_LIBRARIES = YES;
				BUNDLE_LOADER = "$(TEST_HOST)";
				CODE_SIGN_STYLE = Automatic;
				DEVELOPMENT_TEAM = V5W84K68NZ;
				INFOPLIST_FILE = VirtualTouristTests/Info.plist;
				IPHONEOS_DEPLOYMENT_TARGET = 13.2;
				LD_RUNPATH_SEARCH_PATHS = (
					"$(inherited)",
					"@executable_path/Frameworks",
					"@loader_path/Frameworks",
				);
				PRODUCT_BUNDLE_IDENTIFIER = dk.gnresound.gandalf.rs.VirtualTouristTests;
				PRODUCT_NAME = "$(TARGET_NAME)";
				SWIFT_VERSION = 5.0;
				TARGETED_DEVICE_FAMILY = "1,2";
				TEST_HOST = "$(BUILT_PRODUCTS_DIR)/VirtualTourist.app/VirtualTourist";
			};
			name = Debug;
		};
		FA529A8224730ACF0077AAD7 /* Release */ = {
			isa = XCBuildConfiguration;
			buildSettings = {
				ALWAYS_EMBED_SWIFT_STANDARD_LIBRARIES = YES;
				BUNDLE_LOADER = "$(TEST_HOST)";
				CODE_SIGN_STYLE = Automatic;
				DEVELOPMENT_TEAM = V5W84K68NZ;
				INFOPLIST_FILE = VirtualTouristTests/Info.plist;
				IPHONEOS_DEPLOYMENT_TARGET = 13.2;
				LD_RUNPATH_SEARCH_PATHS = (
					"$(inherited)",
					"@executable_path/Frameworks",
					"@loader_path/Frameworks",
				);
				PRODUCT_BUNDLE_IDENTIFIER = dk.gnresound.gandalf.rs.VirtualTouristTests;
				PRODUCT_NAME = "$(TARGET_NAME)";
				SWIFT_VERSION = 5.0;
				TARGETED_DEVICE_FAMILY = "1,2";
				TEST_HOST = "$(BUILT_PRODUCTS_DIR)/VirtualTourist.app/VirtualTourist";
			};
			name = Release;
		};
		FA529A8424730ACF0077AAD7 /* Debug */ = {
			isa = XCBuildConfiguration;
			buildSettings = {
				ALWAYS_EMBED_SWIFT_STANDARD_LIBRARIES = YES;
				CODE_SIGN_STYLE = Automatic;
				DEVELOPMENT_TEAM = V5W84K68NZ;
				INFOPLIST_FILE = VirtualTouristUITests/Info.plist;
				LD_RUNPATH_SEARCH_PATHS = (
					"$(inherited)",
					"@executable_path/Frameworks",
					"@loader_path/Frameworks",
				);
				PRODUCT_BUNDLE_IDENTIFIER = dk.gnresound.gandalf.rs.VirtualTouristUITests;
				PRODUCT_NAME = "$(TARGET_NAME)";
				SWIFT_VERSION = 5.0;
				TARGETED_DEVICE_FAMILY = "1,2";
				TEST_TARGET_NAME = VirtualTourist;
			};
			name = Debug;
		};
		FA529A8524730ACF0077AAD7 /* Release */ = {
			isa = XCBuildConfiguration;
			buildSettings = {
				ALWAYS_EMBED_SWIFT_STANDARD_LIBRARIES = YES;
				CODE_SIGN_STYLE = Automatic;
				DEVELOPMENT_TEAM = V5W84K68NZ;
				INFOPLIST_FILE = VirtualTouristUITests/Info.plist;
				LD_RUNPATH_SEARCH_PATHS = (
					"$(inherited)",
					"@executable_path/Frameworks",
					"@loader_path/Frameworks",
				);
				PRODUCT_BUNDLE_IDENTIFIER = dk.gnresound.gandalf.rs.VirtualTouristUITests;
				PRODUCT_NAME = "$(TARGET_NAME)";
				SWIFT_VERSION = 5.0;
				TARGETED_DEVICE_FAMILY = "1,2";
				TEST_TARGET_NAME = VirtualTourist;
			};
			name = Release;
		};
/* End XCBuildConfiguration section */

/* Begin XCConfigurationList section */
		FA529A4E24730ACD0077AAD7 /* Build configuration list for PBXProject "VirtualTourist" */ = {
			isa = XCConfigurationList;
			buildConfigurations = (
				FA529A7B24730ACF0077AAD7 /* Debug */,
				FA529A7C24730ACF0077AAD7 /* Release */,
			);
			defaultConfigurationIsVisible = 0;
			defaultConfigurationName = Release;
		};
		FA529A7D24730ACF0077AAD7 /* Build configuration list for PBXNativeTarget "VirtualTourist" */ = {
			isa = XCConfigurationList;
			buildConfigurations = (
				FA529A7E24730ACF0077AAD7 /* Debug */,
				FA529A7F24730ACF0077AAD7 /* Release */,
			);
			defaultConfigurationIsVisible = 0;
			defaultConfigurationName = Release;
		};
		FA529A8024730ACF0077AAD7 /* Build configuration list for PBXNativeTarget "VirtualTouristTests" */ = {
			isa = XCConfigurationList;
			buildConfigurations = (
				FA529A8124730ACF0077AAD7 /* Debug */,
				FA529A8224730ACF0077AAD7 /* Release */,
			);
			defaultConfigurationIsVisible = 0;
			defaultConfigurationName = Release;
		};
		FA529A8324730ACF0077AAD7 /* Build configuration list for PBXNativeTarget "VirtualTouristUITests" */ = {
			isa = XCConfigurationList;
			buildConfigurations = (
				FA529A8424730ACF0077AAD7 /* Debug */,
				FA529A8524730ACF0077AAD7 /* Release */,
			);
			defaultConfigurationIsVisible = 0;
			defaultConfigurationName = Release;
		};
/* End XCConfigurationList section */
	};
	rootObject = FA529A4B24730ACD0077AAD7 /* Project object */;
}
